
Microsoft Visual Studio Solution File, Format Version 12.00
# Visual Studio Version 17
VisualStudioVersion = 17.0.31912.275
MinimumVisualStudioVersion = 10.0.40219.1
Project("{9A19103F-16F7-4668-BE54-9A1E7A4F7556}") = "QOI.Viewer", "QOI.Viewer\QOI.Viewer.csproj", "{06E6A565-49F8-4747-A1C4-6ECA5039D571}"
EndProject
Project("{9A19103F-16F7-4668-BE54-9A1E7A4F7556}") = "QOI.Gdi", "QOI.Gdi\QOI.Gdi.csproj", "{C5C91E22-D52C-4D3E-8B8E-A1C1E157959B}"
EndProject
Project("{9A19103F-16F7-4668-BE54-9A1E7A4F7556}") = "QOI.Test", "QOI.Test\QOI.Test.csproj", "{2DCED9ED-2833-4CD7-BAB6-4C325E8917E9}"
EndProject
Project("{9A19103F-16F7-4668-BE54-9A1E7A4F7556}") = "QOI.Core", "QOI.Core\QOI.Core.csproj", "{5555FF73-76B4-488D-A37B-8322F50CDB99}"
EndProject
Project("{9A19103F-16F7-4668-BE54-9A1E7A4F7556}") = "QOI.Encoder", "QOI.Encoder\QOI.Encoder.csproj", "{ACECF379-0707-4AC1-9158-FCCE744A7376}"
EndProject
Project("{FAE04EC0-301F-11D3-BF4B-00C04F79EFBC}") = "QOI.ImageSharp", "QOI.ImageSharp\QOI.ImageSharp.csproj", "{618C45FF-F22E-4A65-962D-814E659E6C14}"
EndProject
Global
	GlobalSection(SolutionConfigurationPlatforms) = preSolution
		Debug|Any CPU = Debug|Any CPU
		Release|Any CPU = Release|Any CPU
	EndGlobalSection
	GlobalSection(ProjectConfigurationPlatforms) = postSolution
		{06E6A565-49F8-4747-A1C4-6ECA5039D571}.Debug|Any CPU.ActiveCfg = Debug|Any CPU
		{06E6A565-49F8-4747-A1C4-6ECA5039D571}.Debug|Any CPU.Build.0 = Debug|Any CPU
		{06E6A565-49F8-4747-A1C4-6ECA5039D571}.Release|Any CPU.ActiveCfg = Release|Any CPU
		{06E6A565-49F8-4747-A1C4-6ECA5039D571}.Release|Any CPU.Build.0 = Release|Any CPU
		{C5C91E22-D52C-4D3E-8B8E-A1C1E157959B}.Debug|Any CPU.ActiveCfg = Debug|Any CPU
		{C5C91E22-D52C-4D3E-8B8E-A1C1E157959B}.Debug|Any CPU.Build.0 = Debug|Any CPU
		{C5C91E22-D52C-4D3E-8B8E-A1C1E157959B}.Release|Any CPU.ActiveCfg = Release|Any CPU
		{C5C91E22-D52C-4D3E-8B8E-A1C1E157959B}.Release|Any CPU.Build.0 = Release|Any CPU
		{2DCED9ED-2833-4CD7-BAB6-4C325E8917E9}.Debug|Any CPU.ActiveCfg = Debug|Any CPU
		{2DCED9ED-2833-4CD7-BAB6-4C325E8917E9}.Debug|Any CPU.Build.0 = Debug|Any CPU
		{2DCED9ED-2833-4CD7-BAB6-4C325E8917E9}.Release|Any CPU.ActiveCfg = Release|Any CPU
		{2DCED9ED-2833-4CD7-BAB6-4C325E8917E9}.Release|Any CPU.Build.0 = Release|Any CPU
		{5555FF73-76B4-488D-A37B-8322F50CDB99}.Debug|Any CPU.ActiveCfg = Debug|Any CPU
		{5555FF73-76B4-488D-A37B-8322F50CDB99}.Debug|Any CPU.Build.0 = Debug|Any CPU
		{5555FF73-76B4-488D-A37B-8322F50CDB99}.Release|Any CPU.ActiveCfg = Release|Any CPU
		{5555FF73-76B4-488D-A37B-8322F50CDB99}.Release|Any CPU.Build.0 = Release|Any CPU
		{ACECF379-0707-4AC1-9158-FCCE744A7376}.Debug|Any CPU.ActiveCfg = Debug|Any CPU
		{ACECF379-0707-4AC1-9158-FCCE744A7376}.Debug|Any CPU.Build.0 = Debug|Any CPU
		{ACECF379-0707-4AC1-9158-FCCE744A7376}.Release|Any CPU.ActiveCfg = Release|Any CPU
		{ACECF379-0707-4AC1-9158-FCCE744A7376}.Release|Any CPU.Build.0 = Release|Any CPU
		{618C45FF-F22E-4A65-962D-814E659E6C14}.Debug|Any CPU.ActiveCfg = Debug|Any CPU
		{618C45FF-F22E-4A65-962D-814E659E6C14}.Debug|Any CPU.Build.0 = Debug|Any CPU
		{618C45FF-F22E-4A65-962D-814E659E6C14}.Release|Any CPU.ActiveCfg = Release|Any CPU
		{618C45FF-F22E-4A65-962D-814E659E6C14}.Release|Any CPU.Build.0 = Release|Any CPU
	EndGlobalSection
	GlobalSection(SolutionProperties) = preSolution
		HideSolutionNode = FALSE
	EndGlobalSection
	GlobalSection(ExtensibilityGlobals) = postSolution
		SolutionGuid = {983C73FA-4486-4777-A8E3-DC0056B15F78}
	EndGlobalSection
EndGlobal
